{
  "name": "number-is-in-range-example",
  "version": "1.0.0",
  "lockfileVersion": 3,
  "requires": true,
  "packages": {
    "": {
      "name": "number-is-in-range-example",
      "version": "1.0.0",
      "license": "MIT",
      "dependencies": {
        "number-is-in-range": "^3.0.0"
      }
    },
    "node_modules/number-is-in-range": {
      "version": "3.0.0",
      "resolved": "https://registry.npmjs.org/number-is-in-range/-/number-is-in-range-3.0.0.tgz",
      "integrity": "sha512-UlM7XEvJKVsvJCAwOFn/2eLv1Fk4M/TWI0Us6r/3rlZxYRVnt4k4+HF2Xt1h/FDAjI0wEW5/4PDeentFDVBsrw==",
      "cpu": [
        "x64",
        "arm64"
      ],
      "license": "MIT",
      "os": [
        "linux",
        "darwin",
        "win32"
      ],
      "engines": {
        "node": ">=10.4.0"
      },
      "funding": {
        "type": "github",
        "url": "https://github.com/sponsors/Priyanshujindal"
      }
    }
  }
}
